// !$*UTF8*$!
{
	archiveVersion = 1;
	classes = {
	};
	objectVersion = 46;
	objects = {

/* Begin PBXBuildFile section */
		2960B23C1DCC767A00CB13CD /* main.m in Sources */ = {isa = PBXBuildFile; fileRef = 2960B23B1DCC767A00CB13CD /* main.m */; };
		2960B23F1DCC767A00CB13CD /* AppDelegate.m in Sources */ = {isa = PBXBuildFile; fileRef = 2960B23E1DCC767A00CB13CD /* AppDelegate.m */; };
		2960B2421DCC767A00CB13CD /* ViewController.m in Sources */ = {isa = PBXBuildFile; fileRef = 2960B2411DCC767A00CB13CD /* ViewController.m */; };
		2960B2451DCC767A00CB13CD /* Main.storyboard in Resources */ = {isa = PBXBuildFile; fileRef = 2960B2431DCC767A00CB13CD /* Main.storyboard */; };
		2960B2471DCC767A00CB13CD /* Assets.xcassets in Resources */ = {isa = PBXBuildFile; fileRef = 2960B2461DCC767A00CB13CD /* Assets.xcassets */; };
		2960B24A1DCC767A00CB13CD /* LaunchScreen.storyboard in Resources */ = {isa = PBXBuildFile; fileRef = 2960B2481DCC767A00CB13CD /* LaunchScreen.storyboard */; };
		2960B2551DCC767A00CB13CD /* ShipTests.m in Sources */ = {isa = PBXBuildFile; fileRef = 2960B2541DCC767A00CB13CD /* ShipTests.m */; };
/* End PBXBuildFile section */

/* Begin PBXContainerItemProxy section */
		2960B2511DCC767A00CB13CD /* PBXContainerItemProxy */ = {
			isa = PBXContainerItemProxy;
			containerPortal = 2960B22F1DCC767A00CB13CD /* Project object */;
			proxyType = 1;
			remoteGlobalIDString = 2960B2361DCC767A00CB13CD;
			remoteInfo = Ship;
		};
/* End PBXContainerItemProxy section */

/* Begin PBXFileReference section */
		2960B2371DCC767A00CB13CD /* Ship.app */ = {isa = PBXFileReference; explicitFileType = wrapper.application; includeInIndex = 0; path = Ship.app; sourceTree = BUILT_PRODUCTS_DIR; };
		2960B23B1DCC767A00CB13CD /* main.m */ = {isa = PBXFileReference; lastKnownFileType = sourcecode.c.objc; path = main.m; sourceTree = "<group>"; };
		2960B23D1DCC767A00CB13CD /* AppDelegate.h */ = {isa = PBXFileReference; lastKnownFileType = sourcecode.c.h; path = AppDelegate.h; sourceTree = "<group>"; };
		2960B23E1DCC767A00CB13CD /* AppDelegate.m */ = {isa = PBXFileReference; lastKnownFileType = sourcecode.c.objc; path = AppDelegate.m; sourceTree = "<group>"; };
		2960B2401DCC767A00CB13CD /* ViewController.h */ = {isa = PBXFileReference; lastKnownFileType = sourcecode.c.h; path = ViewController.h; sourceTree = "<group>"; };
		2960B2411DCC767A00CB13CD /* ViewController.m */ = {isa = PBXFileReference; lastKnownFileType = sourcecode.c.objc; path = ViewController.m; sourceTree = "<group>"; };
		2960B2441DCC767A00CB13CD /* Base */ = {isa = PBXFileReference; lastKnownFileType = file.storyboard; name = Base; path = Base.lproj/Main.storyboard; sourceTree = "<group>"; };
		2960B2461DCC767A00CB13CD /* Assets.xcassets */ = {isa = PBXFileReference; lastKnownFileType = folder.assetcatalog; path = Assets.xcassets; sourceTree = "<group>"; };
		2960B2491DCC767A00CB13CD /* Base */ = {isa = PBXFileReference; lastKnownFileType = file.storyboard; name = Base; path = Base.lproj/LaunchScreen.storyboard; sourceTree = "<group>"; };
		2960B24B1DCC767A00CB13CD /* Info.plist */ = {isa = PBXFileReference; lastKnownFileType = text.plist.xml; path = Info.plist; sourceTree = "<group>"; };
		2960B2501DCC767A00CB13CD /* ShipTests.xctest */ = {isa = PBXFileReference; explicitFileType = wrapper.cfbundle; includeInIndex = 0; path = ShipTests.xctest; sourceTree = BUILT_PRODUCTS_DIR; };
		2960B2541DCC767A00CB13CD /* ShipTests.m */ = {isa = PBXFileReference; lastKnownFileType = sourcecode.c.objc; path = ShipTests.m; sourceTree = "<group>"; };
		2960B2561DCC767A00CB13CD /* Info.plist */ = {isa = PBXFileReference; lastKnownFileType = text.plist.xml; path = Info.plist; sourceTree = "<group>"; };
/* End PBXFileReference section */

/* Begin PBXFrameworksBuildPhase section */
		2960B2341DCC767A00CB13CD /* Frameworks */ = {
			isa = PBXFrameworksBuildPhase;
			buildActionMask = 2147483647;
			files = (
			);
			runOnlyForDeploymentPostprocessing = 0;
		};
		2960B24D1DCC767A00CB13CD /* Frameworks */ = {
			isa = PBXFrameworksBuildPhase;
			buildActionMask = 2147483647;
			files = (
			);
			runOnlyForDeploymentPostprocessing = 0;
		};
/* End PBXFrameworksBuildPhase section */

/* Begin PBXGroup section */
		2960B22E1DCC767A00CB13CD = {
			isa = PBXGroup;
			children = (
				2960B2391DCC767A00CB13CD /* Ship */,
				2960B2531DCC767A00CB13CD /* ShipTests */,
				2960B2381DCC767A00CB13CD /* Products */,
			);
			sourceTree = "<group>";
		};
		2960B2381DCC767A00CB13CD /* Products */ = {
			isa = PBXGroup;
			children = (
				2960B2371DCC767A00CB13CD /* Ship.app */,
				2960B2501DCC767A00CB13CD /* ShipTests.xctest */,
			);
			name = Products;
			sourceTree = "<group>";
		};
		2960B2391DCC767A00CB13CD /* Ship */ = {
			isa = PBXGroup;
			children = (
				2960B23D1DCC767A00CB13CD /* AppDelegate.h */,
				2960B23E1DCC767A00CB13CD /* AppDelegate.m */,
				2960B2401DCC767A00CB13CD /* ViewController.h */,
				2960B2411DCC767A00CB13CD /* ViewController.m */,
				2960B2431DCC767A00CB13CD /* Main.storyboard */,
				2960B2461DCC767A00CB13CD /* Assets.xcassets */,
				2960B2481DCC767A00CB13CD /* LaunchScreen.storyboard */,
				2960B24B1DCC767A00CB13CD /* Info.plist */,
				2960B23A1DCC767A00CB13CD /* Supporting Files */,
			);
			path = Ship;
			sourceTree = "<group>";
		};
		2960B23A1DCC767A00CB13CD /* Supporting Files */ = {
			isa = PBXGroup;
			children = (
				2960B23B1DCC767A00CB13CD /* main.m */,
			);
			name = "Supporting Files";
			sourceTree = "<group>";
		};
		2960B2531DCC767A00CB13CD /* ShipTests */ = {
			isa = PBXGroup;
			children = (
				2960B2541DCC767A00CB13CD /* ShipTests.m */,
				2960B2561DCC767A00CB13CD /* Info.plist */,
			);
			path = ShipTests;
			sourceTree = "<group>";
		};
/* End PBXGroup section */

/* Begin PBXNativeTarget section */
		2960B2361DCC767A00CB13CD /* Ship */ = {
			isa = PBXNativeTarget;
			buildConfigurationList = 2960B2591DCC767A00CB13CD /* Build configuration list for PBXNativeTarget "Ship" */;
			buildPhases = (
				2960B2331DCC767A00CB13CD /* Sources */,
				2960B2341DCC767A00CB13CD /* Frameworks */,
				2960B2351DCC767A00CB13CD /* Resources */,
			);
			buildRules = (
			);
			dependencies = (
			);
			name = Ship;
			productName = Ship;
			productReference = 2960B2371DCC767A00CB13CD /* Ship.app */;
			productType = "com.apple.product-type.application";
		};
		2960B24F1DCC767A00CB13CD /* ShipTests */ = {
			isa = PBXNativeTarget;
			buildConfigurationList = 2960B25C1DCC767A00CB13CD /* Build configuration list for PBXNativeTarget "ShipTests" */;
			buildPhases = (
				2960B24C1DCC767A00CB13CD /* Sources */,
				2960B24D1DCC767A00CB13CD /* Frameworks */,
				2960B24E1DCC767A00CB13CD /* Resources */,
			);
			buildRules = (
			);
			dependencies = (
				2960B2521DCC767A00CB13CD /* PBXTargetDependency */,
			);
			name = ShipTests;
			productName = ShipTests;
			productReference = 2960B2501DCC767A00CB13CD /* ShipTests.xctest */;
			productType = "com.apple.product-type.bundle.unit-test";
		};
/* End PBXNativeTarget section */

/* Begin PBXProject section */
		2960B22F1DCC767A00CB13CD /* Project object */ = {
			isa = PBXProject;
			attributes = {
				LastUpgradeCheck = 0810;
				ORGANIZATIONNAME = azraelWang;
				TargetAttributes = {
					2960B2361DCC767A00CB13CD = {
						CreatedOnToolsVersion = 8.1;
						DevelopmentTeam = L6VZ2CF398;
						ProvisioningStyle = Automatic;
					};
					2960B24F1DCC767A00CB13CD = {
						CreatedOnToolsVersion = 8.1;
						DevelopmentTeam = L6VZ2CF398;
						ProvisioningStyle = Automatic;
						TestTargetID = 2960B2361DCC767A00CB13CD;
					};
				};
			};
			buildConfigurationList = 2960B2321DCC767A00CB13CD /* Build configuration list for PBXProject "Ship" */;
			compatibilityVersion = "Xcode 3.2";
			developmentRegion = English;
			hasScannedForEncodings = 0;
			knownRegions = (
				en,
				Base,
			);
			mainGroup = 2960B22E1DCC767A00CB13CD;
			productRefGroup = 2960B2381DCC767A00CB13CD /* Products */;
			projectDirPath = "";
			projectRoot = "";
			targets = (
				2960B2361DCC767A00CB13CD /* Ship */,
				2960B24F1DCC767A00CB13CD /* ShipTests */,
			);
		};
/* End PBXProject section */

/* Begin PBXResourcesBuildPhase section */
		2960B2351DCC767A00CB13CD /* Resources */ = {
			isa = PBXResourcesBuildPhase;
			buildActionMask = 2147483647;
			files = (
				2960B24A1DCC767A00CB13CD /* LaunchScreen.storyboard in Resources */,
				2960B2471DCC767A00CB13CD /* Assets.xcassets in Resources */,
				2960B2451DCC767A00CB13CD /* Main.storyboard in Resources */,
			);
			runOnlyForDeploymentPostprocessing = 0;
		};
		2960B24E1DCC767A00CB13CD /* Resources */ = {
			isa = PBXResourcesBuildPhase;
			buildActionMask = 2147483647;
			files = (
			);
			runOnlyForDeploymentPostprocessing = 0;
		};
/* End PBXResourcesBuildPhase section */

/* Begin PBXSourcesBuildPhase section */
		2960B2331DCC767A00CB13CD /* Sources */ = {
			isa = PBXSourcesBuildPhase;
			buildActionMask = 2147483647;
			files = (
				2960B2421DCC767A00CB13CD /* ViewController.m in Sources */,
				2960B23F1DCC767A00CB13CD /* AppDelegate.m in Sources */,
				2960B23C1DCC767A00CB13CD /* main.m in Sources */,
			);
			runOnlyForDeploymentPostprocessing = 0;
		};
		2960B24C1DCC767A00CB13CD /* Sources */ = {
			isa = PBXSourcesBuildPhase;
			buildActionMask = 2147483647;
			files = (
				2960B2551DCC767A00CB13CD /* ShipTests.m in Sources */,
			);
			runOnlyForDeploymentPostprocessing = 0;
		};
/* End PBXSourcesBuildPhase section */

/* Begin PBXTargetDependency section */
		2960B2521DCC767A00CB13CD /* PBXTargetDependency */ = {
			isa = PBXTargetDependency;
			target = 2960B2361DCC767A00CB13CD /* Ship */;
			targetProxy = 2960B2511DCC767A00CB13CD /* PBXContainerItemProxy */;
		};
/* End PBXTargetDependency section */

/* Begin PBXVariantGroup section */
		2960B2431DCC767A00CB13CD /* Main.storyboard */ = {
			isa = PBXVariantGroup;
			children = (
				2960B2441DCC767A00CB13CD /* Base */,
			);
			name = Main.storyboard;
			sourceTree = "<group>";
		};
		2960B2481DCC767A00CB13CD /* LaunchScreen.storyboard */ = {
			isa = PBXVariantGroup;
			children = (
				2960B2491DCC767A00CB13CD /* Base */,
			);
			name = LaunchScreen.storyboard;
			sourceTree = "<group>";
		};
/* End PBXVariantGroup section */

/* Begin XCBuildConfiguration section */
		2960B2571DCC767A00CB13CD /* Debug */ = {
			isa = XCBuildConfiguration;
			buildSettings = {
				ALWAYS_SEARCH_USER_PATHS = NO;
				CLANG_ANALYZER_NONNULL = YES;
				CLANG_CXX_LANGUAGE_STANDARD = "gnu++0x";
				CLANG_CXX_LIBRARY = "libc++";
				CLANG_ENABLE_MODULES = YES;
				CLANG_ENABLE_OBJC_ARC = YES;
				CLANG_WARN_BOOL_CONVERSION = YES;
				CLANG_WARN_CONSTANT_CONVERSION = YES;
				CLANG_WARN_DIRECT_OBJC_ISA_USAGE = YES_ERROR;
				CLANG_WARN_DOCUMENTATION_COMMENTS = YES;
				CLANG_WARN_EMPTY_BODY = YES;
				CLANG_WARN_ENUM_CONVERSION = YES;
				CLANG_WARN_INFINITE_RECURSION = YES;
				CLANG_WARN_INT_CONVERSION = YES;
				CLANG_WARN_OBJC_ROOT_CLASS = YES_ERROR;
				CLANG_WARN_SUSPICIOUS_MOVES = YES;
				CLANG_WARN_UNREACHABLE_CODE = YES;
				CLANG_WARN__DUPLICATE_METHOD_MATCH = YES;
				"CODE_SIGN_IDENTITY[sdk=iphoneos*]" = "iPhone Developer";
				COPY_PHASE_STRIP = NO;
				DEBUG_INFORMATION_FORMAT = dwarf;
				ENABLE_STRICT_OBJC_MSGSEND = YES;
				ENABLE_TESTABILITY = YES;
				GCC_C_LANGUAGE_STANDARD = gnu99;
				GCC_DYNAMIC_NO_PIC = NO;
				GCC_NO_COMMON_BLOCKS = YES;
				GCC_OPTIMIZATION_LEVEL = 0;
				GCC_PREPROCESSOR_DEFINITIONS = (
					"DEBUG=1",
					"$(inherited)",
				);
				GCC_WARN_64_TO_32_BIT_CONVERSION = YES;
				GCC_WARN_ABOUT_RETURN_TYPE = YES_ERROR;
				GCC_WARN_UNDECLARED_SELECTOR = YES;
				GCC_WARN_UNINITIALIZED_AUTOS = YES_AGGRESSIVE;
				GCC_WARN_UNUSED_FUNCTION = YES;
				GCC_WARN_UNUSED_VARIABLE = YES;
				IPHONEOS_DEPLOYMENT_TARGET = 10.1;
				MTL_ENABLE_DEBUG_INFO = YES;
				ONLY_ACTIVE_ARCH = YES;
				SDKROOT = iphoneos;
				TARGETED_DEVICE_FAMILY = "1,2";
			};
			name = Debug;
		};
		2960B2581DCC767A00CB13CD /* Release */ = {
			isa = XCBuildConfiguration;
			buildSettings = {
				ALWAYS_SEARCH_USER_PATHS = NO;
				CLANG_ANALYZER_NONNULL = YES;
				CLANG_CXX_LANGUAGE_STANDARD = "gnu++0x";
				CLANG_CXX_LIBRARY = "libc++";
				CLANG_ENABLE_MODULES = YES;
				CLANG_ENABLE_OBJC_ARC = YES;
				CLANG_WARN_BOOL_CONVERSION = YES;
				CLANG_WARN_CONSTANT_CONVERSION = YES;
				CLANG_WARN_DIRECT_OBJC_ISA_USAGE = YES_ERROR;
				CLANG_WARN_DOCUMENTATION_COMMENTS = YES;
				CLANG_WARN_EMPTY_BODY = YES;
				CLANG_WARN_ENUM_CONVERSION = YES;
				CLANG_WARN_INFINITE_RECURSION = YES;
				CLANG_WARN_INT_CONVERSION = YES;
				CLANG_WARN_OBJC_ROOT_CLASS = YES_ERROR;
				CLANG_WARN_SUSPICIOUS_MOVES = YES;
				CLANG_WARN_UNREACHABLE_CODE = YES;
				CLANG_WARN__DUPLICATE_METHOD_MATCH = YES;
				"CODE_SIGN_IDENTITY[sdk=iphoneos*]" = "iPhone Developer";
				COPY_PHASE_STRIP = NO;
				DEBUG_INFORMATION_FORMAT = "dwarf-with-dsym";
				ENABLE_NS_ASSERTIONS = NO;
				ENABLE_STRICT_OBJC_MSGSEND = YES;
				GCC_C_LANGUAGE_STANDARD = gnu99;
				GCC_NO_COMMON_BLOCKS = YES;
				GCC_WARN_64_TO_32_BIT_CONVERSION = YES;
				GCC_WARN_ABOUT_RETURN_TYPE = YES_ERROR;
				GCC_WARN_UNDECLARED_SELECTOR = YES;
				GCC_WARN_UNINITIALIZED_AUTOS = YES_AGGRESSIVE;
				GCC_WARN_UNUSED_FUNCTION = YES;
				GCC_WARN_UNUSED_VARIABLE = YES;
				IPHONEOS_DEPLOYMENT_TARGET = 10.1;
				MTL_ENABLE_DEBUG_INFO = NO;
				SDKROOT = iphoneos;
				TARGETED_DEVICE_FAMILY = "1,2";
				VALIDATE_PRODUCT = YES;
			};
			name = Release;
		};
		2960B25A1DCC767A00CB13CD /* Debug */ = {
			isa = XCBuildConfiguration;
			buildSettings = {
				ASSETCATALOG_COMPILER_APPICON_NAME = AppIcon;
				DEVELOPMENT_TEAM = L6VZ2CF398;
				INFOPLIST_FILE = Ship/Info.plist;
				LD_RUNPATH_SEARCH_PATHS = "$(inherited) @executable_path/Frameworks";
				PRODUCT_BUNDLE_IDENTIFIER = azraelWang.Ship;
				PRODUCT_NAME = "$(TARGET_NAME)";
			};
			name = Debug;
		};
		2960B25B1DCC767A00CB13CD /* Release */ = {
			isa = XCBuildConfiguration;
			buildSettings = {
				ASSETCATALOG_COMPILER_APPICON_NAME = AppIcon;
				DEVELOPMENT_TEAM = L6VZ2CF398;
				INFOPLIST_FILE = Ship/Info.plist;
				LD_RUNPATH_SEARCH_PATHS = "$(inherited) @executable_path/Frameworks";
				PRODUCT_BUNDLE_IDENTIFIER = azraelWang.Ship;
				PRODUCT_NAME = "$(TARGET_NAME)";
			};
			name = Release;
		};
		2960B25D1DCC767A00CB13CD /* Debug */ = {
			isa = XCBuildConfiguration;
			buildSettings = {
				BUNDLE_LOADER = "$(TEST_HOST)";
				DEVELOPMENT_TEAM = L6VZ2CF398;
				INFOPLIST_FILE = ShipTests/Info.plist;
				LD_RUNPATH_SEARCH_PATHS = "$(inherited) @executable_path/Frameworks @loader_path/Frameworks";
				PRODUCT_BUNDLE_IDENTIFIER = azraelWang.ShipTests;
				PRODUCT_NAME = "$(TARGET_NAME)";
				TEST_HOST = "$(BUILT_PRODUCTS_DIR)/Ship.app/Ship";
			};
			name = Debug;
		};
		2960B25E1DCC767A00CB13CD /* Release */ = {
			isa = XCBuildConfiguration;
			buildSettings = {
				BUNDLE_LOADER = "$(TEST_HOST)";
				DEVELOPMENT_TEAM = L6VZ2CF398;
				INFOPLIST_FILE = ShipTests/Info.plist;
				LD_RUNPATH_SEARCH_PATHS = "$(inherited) @executable_path/Frameworks @loader_path/Frameworks";
				PRODUCT_BUNDLE_IDENTIFIER = azraelWang.ShipTests;
				PRODUCT_NAME = "$(TARGET_NAME)";
				TEST_HOST = "$(BUILT_PRODUCTS_DIR)/Ship.app/Ship";
			};
			name = Release;
		};
/* End XCBuildConfiguration section */

/* Begin XCConfigurationList section */
		2960B2321DCC767A00CB13CD /* Build configuration list for PBXProject "Ship" */ = {
			isa = XCConfigurationList;
			buildConfigurations = (
				2960B2571DCC767A00CB13CD /* Debug */,
				2960B2581DCC767A00CB13CD /* Release */,
			);
			defaultConfigurationIsVisible = 0;
			defaultConfigurationName = Release;
		};
		2960B2591DCC767A00CB13CD /* Build configuration list for PBXNativeTarget "Ship" */ = {
			isa = XCConfigurationList;
			buildConfigurations = (
				2960B25A1DCC767A00CB13CD /* Debug */,
				2960B25B1DCC767A00CB13CD /* Release */,
			);
			defaultConfigurationIsVisible = 0;
		};
		2960B25C1DCC767A00CB13CD /* Build configuration list for PBXNativeTarget "ShipTests" */ = {
			isa = XCConfigurationList;
			buildConfigurations = (
				2960B25D1DCC767A00CB13CD /* Debug */,
				2960B25E1DCC767A00CB13CD /* Release */,
			);
			defaultConfigurationIsVisible = 0;
		};
/* End XCConfigurationList section */
	};
	rootObject = 2960B22F1DCC767A00CB13CD /* Project object */;
}
